# This file is automatically @generated by Cargo.
# It is not intended for manual editing.
version = 4

[[package]]
name = "sector-bench"
version = "0.1.0"
dependencies = [
 "sector-build",
 "sector-codec",
 "sector-core",
 "sector-format",
 "sector-hal",
 "sector-quant",
 "sector-sim",
]

[[package]]
name = "sector-build"
version = "0.1.0"
dependencies = [
 "sector-codec",
 "sector-format",
 "sector-quant",
]

[[package]]
name = "sector-cli"
version = "0.1.0"
dependencies = [
 "sector-build",
 "sector-codec",
 "sector-core",
 "sector-format",
 "sector-hal",
 "sector-os",
 "sector-quant",
 "sector-serve",
 "sector-sim",
]

[[package]]
name = "sector-codec"
version = "0.1.0"

[[package]]
name = "sector-core"
version = "0.1.0"
dependencies = [
 "sector-codec",
 "sector-format",
 "sector-hal",
 "sector-quant",
]

[[package]]
name = "sector-format"
version = "0.1.0"
dependencies = [
 "sector-codec",
 "sector-quant",
]

[[package]]
name = "sector-hal"
version = "0.1.0"

[[package]]
name = "sector-os"
version = "0.1.0"
dependencies = [
 "sector-build",
 "sector-codec",
 "sector-core",
 "sector-format",
 "sector-hal",
 "sector-quant",
]

[[package]]
name = "sector-quant"
version = "0.1.0"

[[package]]
name = "sector-serve"
version = "0.1.0"
dependencies = [
 "sector-core",
 "sector-format",
 "sector-hal",
 "sector-os",
]

[[package]]
name = "sector-sim"
version = "0.1.0"
dependencies = [
 "sector-build",
 "sector-codec",
 "sector-core",
 "sector-format",
 "sector-hal",
 "sector-quant",
]
